
Microsoft Visual Studio Solution File, Format Version 12.00
# Visual Studio Version 17
VisualStudioVersion = 17.14.36203.30 d17.14
MinimumVisualStudioVersion = 10.0.40219.1
Project("{FAE04EC0-301F-11D3-BF4B-00C04F79EFBC}") = "McpSharedServer", "McpSharedServer.csproj", "{BE9792C0-06D6-3B27-D4B1-9CC0277C9DD2}"
EndProject
Global
	GlobalSection(SolutionConfigurationPlatforms) = preSolution
		Debug|Any CPU = Debug|Any CPU
		Release|Any CPU = Release|Any CPU
	EndGlobalSection
	GlobalSection(ProjectConfigurationPlatforms) = postSolution
		{BE9792C0-06D6-3B27-D4B1-9CC0277C9DD2}.Debug|Any CPU.ActiveCfg = Debug|Any CPU
		{BE9792C0-06D6-3B27-D4B1-9CC0277C9DD2}.Debug|Any CPU.Build.0 = Debug|Any CPU
		{BE9792C0-06D6-3B27-D4B1-9CC0277C9DD2}.Release|Any CPU.ActiveCfg = Release|Any CPU
		{BE9792C0-06D6-3B27-D4B1-9CC0277C9DD2}.Release|Any CPU.Build.0 = Release|Any CPU
	EndGlobalSection
	GlobalSection(SolutionProperties) = preSolution
		HideSolutionNode = FALSE
	EndGlobalSection
	GlobalSection(ExtensibilityGlobals) = postSolution
		SolutionGuid = {BF82A615-A7D7-4F7D-A77D-D13A82C1F4F6}
	EndGlobalSection
EndGlobal
